{
  "plugin_type": "loaders",
  "name": "target-salesforce",
  "namespace": "target_salesforce",
  "variant": "meltanolabs",
  "label": "Salesforce",
  "docs": "https://www.matatika.com/data-details/target-salesforce/",
  "repo": "https://github.com/MeltanoLabs/target-salesforce",
  "pip_url": "git+https://github.com/MeltanoLabs/target-salesforce.git@v0.1.0",
  "description": "Salesforce is a cloud-based customer relationship management (CRM) platform that helps\nbusinesses manage their sales, marketing, and customer service activities in one place. This\nloader writes records into Salesforce objects through the Bulk API 2.0, with `insert`,\n`update`, `upsert`, `delete`, and `hard_delete` actions.\n\n### Prerequisites\n\nThe authenticating user needs the **API Enabled** permission, plus object and field-level\naccess that matches the configured `action`.\n\nAuthenticate with one of three credential sets. When more than one is provided, the target\nselects JWT bearer, then OAuth refresh-token, then username/password.\n\n- **JWT bearer** (`jwt_client_id`, `jwt_username`, `jwt_private_key`) \u2014 create a Connected or\n  External Client App with the \"Use digital signatures\" option, upload an X.509 certificate\n  whose private key you control, pre-authorize the user through a profile or permission set,\n  and ensure the user has consented to the app once through the browser OAuth flow.\n  Recommended for unattended, server-to-server use. See the\n  [JWT bearer flow docs](https://help.salesforce.com/s/articleView?id=xcloud.remoteaccess_oauth_jwt_flow.htm).\n- **OAuth refresh-token** (`client_id`, `client_secret`, `refresh_token`) \u2014 create a\n  Salesforce connected app to obtain the client ID, client secret, and refresh token. See the\n  [web server OAuth flow](https://developer.salesforce.com/docs/atlas.en-us.api_rest.meta/api_rest/intro_understanding_web_server_oauth_flow.htm).\n- **Username/password** (`username`, `password`, `security_token`) \u2014 obtain the security token\n  with Reset My Security Token in personal settings (not needed if the login IP is in the\n  org's trusted IP ranges). This flow uses a SOAP `login()` call, which new orgs disable by\n  default, so grant the user the **Use Any API Auth** permission through a permission set. This\n  flow is deprecated, so prefer JWT bearer or OAuth.\n\n### Data requirements\n\nIncoming records map to Salesforce objects by name, and Salesforce rejects a batch that does\nnot line up:\n\n- The stream name must match the target object's API name (case-insensitive), for example\n  `Account` or a custom object like `Invoice__c`.\n- Each property name must match a field's API name on that object (case-insensitive),\n  including the `__c` suffix for custom fields. An unknown field fails the batch with\n  `InvalidBatch: Field name not found`.\n- For the default `upsert` action, include each record's `Id` \u2014 a valid 15- or 18-character\n  Salesforce record ID \u2014 so the record updates its object. A blank `Id` inserts a new record,\n  and a malformed or non-existent `Id` fails the record. The upsert always keys on `Id`,\n  regardless of the stream's key properties.\n- For a `date` or `date-time` field, match the property name to the field's API name exactly,\n  including case. The target formats those values for Salesforce only on an exact match.\n",
  "logo_url": "/assets/logos/loaders/salesforce.png",
  "capabilities": [
    "about",
    "batch",
    "structured-logging",
    "schema-flattening",
    "stream-maps"
  ],
  "settings": [
    {
      "name": "client_id",
      "kind": "string",
      "label": "Client Id",
      "description": "OAuth client ID.",
      "hidden": false,
      "sensitive": false,
      "configured": false,
      "protected": false
    },
    {
      "name": "client_secret",
      "kind": "string",
      "label": "Client Secret",
      "description": "OAuth client secret.",
      "hidden": false,
      "sensitive": true,
      "configured": false,
      "protected": false
    },
    {
      "name": "refresh_token",
      "kind": "string",
      "label": "Refresh Token",
      "description": "OAuth refresh token.",
      "hidden": false,
      "sensitive": true,
      "configured": false,
      "protected": false
    },
    {
      "name": "username",
      "kind": "string",
      "label": "Username",
      "description": "User/password username.",
      "hidden": false,
      "sensitive": false,
      "configured": false,
      "protected": false
    },
    {
      "name": "password",
      "kind": "string",
      "label": "Password",
      "description": "User/password password.",
      "hidden": false,
      "sensitive": true,
      "configured": false,
      "protected": false
    },
    {
      "name": "security_token",
      "kind": "string",
      "label": "Security Token",
      "description": "User/password generated security token. Reset under your Account Settings.",
      "hidden": false,
      "sensitive": true,
      "configured": false,
      "protected": false
    },
    {
      "name": "jwt_client_id",
      "kind": "string",
      "label": "JWT Client Id",
      "description": "JWT bearer: Salesforce Connected/External Client App consumer key (`iss` claim).",
      "hidden": false,
      "sensitive": true,
      "configured": false,
      "protected": false
    },
    {
      "name": "jwt_username",
      "kind": "string",
      "label": "JWT Username",
      "description": "JWT bearer: Salesforce username to impersonate (`sub` claim).",
      "hidden": false,
      "sensitive": false,
      "configured": false,
      "protected": false
    },
    {
      "name": "jwt_private_key",
      "kind": "string",
      "label": "JWT Private Key",
      "description": "JWT bearer: RSA private key contents in PEM format (not a file path), matching the cert\nuploaded to the Connected/External Client App.\n",
      "hidden": false,
      "sensitive": true,
      "configured": false,
      "protected": false
    },
    {
      "name": "domain",
      "kind": "string",
      "value": "login",
      "label": "Domain",
      "description": "Your Salesforce instance domain. Use `login` (default) or `test` (sandbox), or Salesforce\nMy domain.\n",
      "hidden": false,
      "sensitive": false,
      "configured": false,
      "protected": false
    },
    {
      "name": "is_sandbox",
      "kind": "boolean",
      "label": "Is Sandbox",
      "description": "DEPRECATED: Use `domain`. `is_sandbox: false` == `domain: login`, `is_sandbox: true` ==\n`domain: test`.\n",
      "hidden": false,
      "sensitive": false,
      "configured": false,
      "protected": false
    },
    {
      "name": "action",
      "kind": "options",
      "value": "upsert",
      "label": "Action",
      "description": "How to handle incoming records by default:\n\n- `insert` creates records (no `Id`; fields must be createable)\n- `update` modifies records matched by `Id` (fields must be updateable)\n- `upsert` updates on an `Id` match and inserts otherwise (fields must be createable and\n  updateable)\n- `delete` moves records to the Recycle Bin by `Id`\n- `hard_delete` permanently removes records by `Id`, and needs the Bulk API Hard Delete\n  permission\n\nSalesforce enforces these rules in the Bulk job, so a mismatch surfaces as a Bulk job error.\n",
      "options": [
        {
          "label": "Insert",
          "value": "insert"
        },
        {
          "label": "Update",
          "value": "update"
        },
        {
          "label": "Delete",
          "value": "delete"
        },
        {
          "label": "Hard Delete",
          "value": "hard_delete"
        },
        {
          "label": "Upsert",
          "value": "upsert"
        }
      ],
      "hidden": false,
      "sensitive": false,
      "configured": false,
      "protected": false
    },
    {
      "name": "allow_failures",
      "kind": "boolean",
      "value": false,
      "label": "Allow Failures",
      "description": "Allows the target to continue persisting if a record fails to commit.",
      "hidden": false,
      "sensitive": false,
      "configured": false,
      "protected": false
    },
    {
      "name": "use_raw_stream_names",
      "kind": "boolean",
      "value": false,
      "label": "Use Raw Stream Names",
      "description": "Whether to use raw stream names as Salesforce object names instead of the informal Singer\nconvention of the last hyphen-separated part of the stream name. The default suits a\ndatabase tap that names a stream `<schema>-<table>`, such as `tap-snowflake`, where\n`public-Account` loads to the `Account` object.\n",
      "hidden": false,
      "sensitive": false,
      "configured": false,
      "protected": false
    }
  ]
}
